// !$*UTF8*$!
{
	archiveVersion = 1;
	classes = {
	};
	objectVersion = 48;
	objects = {

/* Begin PBXBuildFile section */
		CE5D8B572020B288007ED267 /* main.m in Sources */ = {isa = PBXBuildFile; fileRef = CE5D8B562020B288007ED267 /* main.m */; };
		CE5D8B672020BB85007ED267 /* DELLight.m in Sources */ = {isa = PBXBuildFile; fileRef = CE5D8B662020BB85007ED267 /* DELLight.m */; };
		CE5D8B6D2020D2BE007ED267 /* DELControllerWorld.m in Sources */ = {isa = PBXBuildFile; fileRef = CE5D8B6C2020D2BE007ED267 /* DELControllerWorld.m */; };
		CE5D8B732021FA50007ED267 /* DELLightState.m in Sources */ = {isa = PBXBuildFile; fileRef = CE5D8B722021FA50007ED267 /* DELLightState.m */; };
/* End PBXBuildFile section */

/* Begin PBXCopyFilesBuildPhase section */
		CE5D8B512020B288007ED267 /* CopyFiles */ = {
			isa = PBXCopyFilesBuildPhase;
			buildActionMask = 2147483647;
			dstPath = /usr/share/man/man1/;
			dstSubfolderSpec = 0;
			files = (
			);
			runOnlyForDeploymentPostprocessing = 1;
		};
/* End PBXCopyFilesBuildPhase section */

/* Begin PBXFileReference section */
		CE5D8B532020B288007ED267 /* TrafficLights */ = {isa = PBXFileReference; explicitFileType = "compiled.mach-o.executable"; includeInIndex = 0; path = TrafficLights; sourceTree = BUILT_PRODUCTS_DIR; };
		CE5D8B562020B288007ED267 /* main.m */ = {isa = PBXFileReference; lastKnownFileType = sourcecode.c.objc; path = main.m; sourceTree = "<group>"; };
		CE5D8B642020BB35007ED267 /* DELLightProtocol.h */ = {isa = PBXFileReference; lastKnownFileType = sourcecode.c.h; path = DELLightProtocol.h; sourceTree = "<group>"; };
		CE5D8B652020BB85007ED267 /* DELLight.h */ = {isa = PBXFileReference; lastKnownFileType = sourcecode.c.h; path = DELLight.h; sourceTree = "<group>"; };
		CE5D8B662020BB85007ED267 /* DELLight.m */ = {isa = PBXFileReference; lastKnownFileType = sourcecode.c.objc; path = DELLight.m; sourceTree = "<group>"; };
		CE5D8B6B2020D2BE007ED267 /* DELControllerWorld.h */ = {isa = PBXFileReference; lastKnownFileType = sourcecode.c.h; path = DELControllerWorld.h; sourceTree = "<group>"; };
		CE5D8B6C2020D2BE007ED267 /* DELControllerWorld.m */ = {isa = PBXFileReference; lastKnownFileType = sourcecode.c.objc; path = DELControllerWorld.m; sourceTree = "<group>"; };
		CE5D8B712021FA50007ED267 /* DELLightState.h */ = {isa = PBXFileReference; lastKnownFileType = sourcecode.c.h; path = DELLightState.h; sourceTree = "<group>"; };
		CE5D8B722021FA50007ED267 /* DELLightState.m */ = {isa = PBXFileReference; lastKnownFileType = sourcecode.c.objc; path = DELLightState.m; sourceTree = "<group>"; };
		CECD607C202853BE00C7EF1C /* DELControllerProtocol.h */ = {isa = PBXFileReference; lastKnownFileType = sourcecode.c.h; path = DELControllerProtocol.h; sourceTree = "<group>"; };
		CEDEAA57202499350029E894 /* PrefixHeader.pch */ = {isa = PBXFileReference; lastKnownFileType = sourcecode.c.h; path = PrefixHeader.pch; sourceTree = "<group>"; };
/* End PBXFileReference section */

/* Begin PBXFrameworksBuildPhase section */
		CE5D8B502020B288007ED267 /* Frameworks */ = {
			isa = PBXFrameworksBuildPhase;
			buildActionMask = 2147483647;
			files = (
			);
			runOnlyForDeploymentPostprocessing = 0;
		};
/* End PBXFrameworksBuildPhase section */

/* Begin PBXGroup section */
		CE5D8B4A2020B288007ED267 = {
			isa = PBXGroup;
			children = (
				CE5D8B552020B288007ED267 /* TrafficLights */,
				CE5D8B542020B288007ED267 /* Products */,
			);
			sourceTree = "<group>";
		};
		CE5D8B542020B288007ED267 /* Products */ = {
			isa = PBXGroup;
			children = (
				CE5D8B532020B288007ED267 /* TrafficLights */,
			);
			name = Products;
			sourceTree = "<group>";
		};
		CE5D8B552020B288007ED267 /* TrafficLights */ = {
			isa = PBXGroup;
			children = (
				CE5D8B642020BB35007ED267 /* DELLightProtocol.h */,
				CECD607C202853BE00C7EF1C /* DELControllerProtocol.h */,
				CE5D8B562020B288007ED267 /* main.m */,
				CE5D8B712021FA50007ED267 /* DELLightState.h */,
				CE5D8B722021FA50007ED267 /* DELLightState.m */,
				CE5D8B652020BB85007ED267 /* DELLight.h */,
				CE5D8B662020BB85007ED267 /* DELLight.m */,
				CE5D8B6B2020D2BE007ED267 /* DELControllerWorld.h */,
				CE5D8B6C2020D2BE007ED267 /* DELControllerWorld.m */,
				CEDEAA57202499350029E894 /* PrefixHeader.pch */,
			);
			path = TrafficLights;
			sourceTree = "<group>";
		};
/* End PBXGroup section */

/* Begin PBXNativeTarget section */
		CE5D8B522020B288007ED267 /* TrafficLights */ = {
			isa = PBXNativeTarget;
			buildConfigurationList = CE5D8B5A2020B288007ED267 /* Build configuration list for PBXNativeTarget "TrafficLights" */;
			buildPhases = (
				CE5D8B4F2020B288007ED267 /* Sources */,
				CE5D8B502020B288007ED267 /* Frameworks */,
				CE5D8B512020B288007ED267 /* CopyFiles */,
			);
			buildRules = (
			);
			dependencies = (
			);
			name = TrafficLights;
			productName = TrafficLights;
			productReference = CE5D8B532020B288007ED267 /* TrafficLights */;
			productType = "com.apple.product-type.tool";
		};
/* End PBXNativeTarget section */

/* Begin PBXProject section */
		CE5D8B4B2020B288007ED267 /* Project object */ = {
			isa = PBXProject;
			attributes = {
				LastUpgradeCheck = 0920;
				ORGANIZATIONNAME = DEL;
				TargetAttributes = {
					CE5D8B522020B288007ED267 = {
						CreatedOnToolsVersion = 9.2;
						ProvisioningStyle = Automatic;
					};
				};
			};
			buildConfigurationList = CE5D8B4E2020B288007ED267 /* Build configuration list for PBXProject "TrafficLights" */;
			compatibilityVersion = "Xcode 8.0";
			developmentRegion = en;
			hasScannedForEncodings = 0;
			knownRegions = (
				en,
			);
			mainGroup = CE5D8B4A2020B288007ED267;
			productRefGroup = CE5D8B542020B288007ED267 /* Products */;
			projectDirPath = "";
			projectRoot = "";
			targets = (
				CE5D8B522020B288007ED267 /* TrafficLights */,
			);
		};
/* End PBXProject section */

/* Begin PBXSourcesBuildPhase section */
		CE5D8B4F2020B288007ED267 /* Sources */ = {
			isa = PBXSourcesBuildPhase;
			buildActionMask = 2147483647;
			files = (
				CE5D8B572020B288007ED267 /* main.m in Sources */,
				CE5D8B672020BB85007ED267 /* DELLight.m in Sources */,
				CE5D8B6D2020D2BE007ED267 /* DELControllerWorld.m in Sources */,
				CE5D8B732021FA50007ED267 /* DELLightState.m in Sources */,
			);
			runOnlyForDeploymentPostprocessing = 0;
		};
/* End PBXSourcesBuildPhase section */

/* Begin XCBuildConfiguration section */
		CE5D8B582020B288007ED267 /* Debug */ = {
			isa = XCBuildConfiguration;
			buildSettings = {
				ALWAYS_SEARCH_USER_PATHS = NO;
				CLANG_ANALYZER_NONNULL = YES;
				CLANG_ANALYZER_NUMBER_OBJECT_CONVERSION = YES_AGGRESSIVE;
				CLANG_CXX_LANGUAGE_STANDARD = "gnu++14";
				CLANG_CXX_LIBRARY = "libc++";
				CLANG_ENABLE_MODULES = YES;
				CLANG_ENABLE_OBJC_ARC = YES;
				CLANG_WARN_BLOCK_CAPTURE_AUTORELEASING = YES;
				CLANG_WARN_BOOL_CONVERSION = YES;
				CLANG_WARN_COMMA = YES;
				CLANG_WARN_CONSTANT_CONVERSION = YES;
				CLANG_WARN_DIRECT_OBJC_ISA_USAGE = YES_ERROR;
				CLANG_WARN_DOCUMENTATION_COMMENTS = YES;
				CLANG_WARN_EMPTY_BODY = YES;
				CLANG_WARN_ENUM_CONVERSION = YES;
				CLANG_WARN_INFINITE_RECURSION = YES;
				CLANG_WARN_INT_CONVERSION = YES;
				CLANG_WARN_NON_LITERAL_NULL_CONVERSION = YES;
				CLANG_WARN_OBJC_LITERAL_CONVERSION = YES;
				CLANG_WARN_OBJC_ROOT_CLASS = YES_ERROR;
				CLANG_WARN_RANGE_LOOP_ANALYSIS = YES;
				CLANG_WARN_STRICT_PROTOTYPES = YES;
				CLANG_WARN_SUSPICIOUS_MOVE = YES;
				CLANG_WARN_UNGUARDED_AVAILABILITY = YES_AGGRESSIVE;
				CLANG_WARN_UNREACHABLE_CODE = YES;
				CLANG_WARN__DUPLICATE_METHOD_MATCH = YES;
				CODE_SIGN_IDENTITY = "-";
				COPY_PHASE_STRIP = NO;
				DEBUG_INFORMATION_FORMAT = dwarf;
				ENABLE_STRICT_OBJC_MSGSEND = YES;
				ENABLE_TESTABILITY = YES;
				GCC_C_LANGUAGE_STANDARD = gnu11;
				GCC_DYNAMIC_NO_PIC = NO;
				GCC_NO_COMMON_BLOCKS = YES;
				GCC_OPTIMIZATION_LEVEL = 0;
				GCC_PREFIX_HEADER = "$(SRCROOT)/$(PROJECT_NAME)/PrefixHeader.pch";
				GCC_PREPROCESSOR_DEFINITIONS = "DEBUG=1";
				GCC_WARN_64_TO_32_BIT_CONVERSION = YES;
				GCC_WARN_ABOUT_RETURN_TYPE = YES_ERROR;
				GCC_WARN_UNDECLARED_SELECTOR = YES;
				GCC_WARN_UNINITIALIZED_AUTOS = YES_AGGRESSIVE;
				GCC_WARN_UNUSED_FUNCTION = YES;
				GCC_WARN_UNUSED_VARIABLE = YES;
				MACOSX_DEPLOYMENT_TARGET = 10.13;
				MTL_ENABLE_DEBUG_INFO = YES;
				ONLY_ACTIVE_ARCH = YES;
				SDKROOT = macosx;
			};
			name = Debug;
		};
		CE5D8B592020B288007ED267 /* Release */ = {
			isa = XCBuildConfiguration;
			buildSettings = {
				ALWAYS_SEARCH_USER_PATHS = NO;
				CLANG_ANALYZER_NONNULL = YES;
				CLANG_ANALYZER_NUMBER_OBJECT_CONVERSION = YES_AGGRESSIVE;
				CLANG_CXX_LANGUAGE_STANDARD = "gnu++14";
				CLANG_CXX_LIBRARY = "libc++";
				CLANG_ENABLE_MODULES = YES;
				CLANG_ENABLE_OBJC_ARC = YES;
				CLANG_WARN_BLOCK_CAPTURE_AUTORELEASING = YES;
				CLANG_WARN_BOOL_CONVERSION = YES;
				CLANG_WARN_COMMA = YES;
				CLANG_WARN_CONSTANT_CONVERSION = YES;
				CLANG_WARN_DIRECT_OBJC_ISA_USAGE = YES_ERROR;
				CLANG_WARN_DOCUMENTATION_COMMENTS = YES;
				CLANG_WARN_EMPTY_BODY = YES;
				CLANG_WARN_ENUM_CONVERSION = YES;
				CLANG_WARN_INFINITE_RECURSION = YES;
				CLANG_WARN_INT_CONVERSION = YES;
				CLANG_WARN_NON_LITERAL_NULL_CONVERSION = YES;
				CLANG_WARN_OBJC_LITERAL_CONVERSION = YES;
				CLANG_WARN_OBJC_ROOT_CLASS = YES_ERROR;
				CLANG_WARN_RANGE_LOOP_ANALYSIS = YES;
				CLANG_WARN_STRICT_PROTOTYPES = YES;
				CLANG_WARN_SUSPICIOUS_MOVE = YES;
				CLANG_WARN_UNGUARDED_AVAILABILITY = YES_AGGRESSIVE;
				CLANG_WARN_UNREACHABLE_CODE = YES;
				CLANG_WARN__DUPLICATE_METHOD_MATCH = YES;
				CODE_SIGN_IDENTITY = "-";
				COPY_PHASE_STRIP = NO;
				DEBUG_INFORMATION_FORMAT = "dwarf-with-dsym";
				ENABLE_NS_ASSERTIONS = NO;
				ENABLE_STRICT_OBJC_MSGSEND = YES;
				GCC_C_LANGUAGE_STANDARD = gnu11;
				GCC_NO_COMMON_BLOCKS = YES;
				GCC_PREFIX_HEADER = "$(SRCROOT)/$(PROJECT_NAME)/PrefixHeader.pch";
				GCC_PREPROCESSOR_DEFINITIONS = "";
				GCC_WARN_64_TO_32_BIT_CONVERSION = YES;
				GCC_WARN_ABOUT_RETURN_TYPE = YES_ERROR;
				GCC_WARN_UNDECLARED_SELECTOR = YES;
				GCC_WARN_UNINITIALIZED_AUTOS = YES_AGGRESSIVE;
				GCC_WARN_UNUSED_FUNCTION = YES;
				GCC_WARN_UNUSED_VARIABLE = YES;
				MACOSX_DEPLOYMENT_TARGET = 10.13;
				MTL_ENABLE_DEBUG_INFO = NO;
				SDKROOT = macosx;
			};
			name = Release;
		};
		CE5D8B5B2020B288007ED267 /* Debug */ = {
			isa = XCBuildConfiguration;
			buildSettings = {
				CODE_SIGN_STYLE = Automatic;
				PRODUCT_NAME = "$(TARGET_NAME)";
			};
			name = Debug;
		};
		CE5D8B5C2020B288007ED267 /* Release */ = {
			isa = XCBuildConfiguration;
			buildSettings = {
				CODE_SIGN_STYLE = Automatic;
				PRODUCT_NAME = "$(TARGET_NAME)";
			};
			name = Release;
		};
/* End XCBuildConfiguration section */

/* Begin XCConfigurationList section */
		CE5D8B4E2020B288007ED267 /* Build configuration list for PBXProject "TrafficLights" */ = {
			isa = XCConfigurationList;
			buildConfigurations = (
				CE5D8B582020B288007ED267 /* Debug */,
				CE5D8B592020B288007ED267 /* Release */,
			);
			defaultConfigurationIsVisible = 0;
			defaultConfigurationName = Release;
		};
		CE5D8B5A2020B288007ED267 /* Build configuration list for PBXNativeTarget "TrafficLights" */ = {
			isa = XCConfigurationList;
			buildConfigurations = (
				CE5D8B5B2020B288007ED267 /* Debug */,
				CE5D8B5C2020B288007ED267 /* Release */,
			);
			defaultConfigurationIsVisible = 0;
			defaultConfigurationName = Release;
		};
/* End XCConfigurationList section */
	};
	rootObject = CE5D8B4B2020B288007ED267 /* Project object */;
}
